
Microsoft Visual Studio Solution File, Format Version 12.00
# Visual Studio 15
VisualStudioVersion = 15.0.28010.2050
MinimumVisualStudioVersion = 10.0.40219.1
Project("{FAE04EC0-301F-11D3-BF4B-00C04F79EFBC}") = "TriggersTools.ILPatching", "TriggersTools.ILPatching\TriggersTools.ILPatching.csproj", "{AAB6A0CC-3017-4100-9195-F7E7143D4235}"
EndProject
Global
	GlobalSection(SolutionConfigurationPlatforms) = preSolution
		Debug|Any CPU = Debug|Any CPU
		Release|Any CPU = Release|Any CPU
	EndGlobalSection
	GlobalSection(ProjectConfigurationPlatforms) = postSolution
		{AAB6A0CC-3017-4100-9195-F7E7143D4235}.Debug|Any CPU.ActiveCfg = Debug|Any CPU
		{AAB6A0CC-3017-4100-9195-F7E7143D4235}.Debug|Any CPU.Build.0 = Debug|Any CPU
		{AAB6A0CC-3017-4100-9195-F7E7143D4235}.Release|Any CPU.ActiveCfg = Release|Any CPU
		{AAB6A0CC-3017-4100-9195-F7E7143D4235}.Release|Any CPU.Build.0 = Release|Any CPU
	EndGlobalSection
	GlobalSection(SolutionProperties) = preSolution
		HideSolutionNode = FALSE
	EndGlobalSection
	GlobalSection(ExtensibilityGlobals) = postSolution
		SolutionGuid = {2BFD2B99-D3BB-4183-81A0-09BD334A2F51}
	EndGlobalSection
EndGlobal
